// !$*UTF8*$!
{
	archiveVersion = 1;
	classes = {
	};
	objectVersion = 77;
	objects = {

/* Begin PBXBuildFile section */
		FE2947632D0AF66500CD266F /* StockMockData.swift in Sources */ = {isa = PBXBuildFile; fileRef = FE2947622D0AF66500CD266F /* StockMockData.swift */; };
		FE2947672D0B297D00CD266F /* GoogleService-Info.plist in Resources */ = {isa = PBXBuildFile; fileRef = FE2947662D0B297D00CD266F /* GoogleService-Info.plist */; };
		FE50B8D22D08CE300048BE67 /* SignInEmailView.swift in Sources */ = {isa = PBXBuildFile; fileRef = FE50B8D12D08CE300048BE67 /* SignInEmailView.swift */; };
		FE50B8D42D08CE4D0048BE67 /* SignInView.swift in Sources */ = {isa = PBXBuildFile; fileRef = FE50B8D32D08CE4D0048BE67 /* SignInView.swift */; };
		FE50B8DA2D08CEAC0048BE67 /* AuthManager.swift in Sources */ = {isa = PBXBuildFile; fileRef = FE50B8D92D08CEAC0048BE67 /* AuthManager.swift */; };
		FE50B8DC2D08CEC40048BE67 /* CustomButton.swift in Sources */ = {isa = PBXBuildFile; fileRef = FE50B8DB2D08CEC40048BE67 /* CustomButton.swift */; };
		FE50B8DE2D08CED90048BE67 /* ValidationUtils.swift in Sources */ = {isa = PBXBuildFile; fileRef = FE50B8DD2D08CED90048BE67 /* ValidationUtils.swift */; };
		FE50B8E02D08CEF10048BE67 /* AuthError.swift in Sources */ = {isa = PBXBuildFile; fileRef = FE50B8DF2D08CEF10048BE67 /* AuthError.swift */; };
		FE50B8E32D08CF9E0048BE67 /* FirebaseAuth in Frameworks */ = {isa = PBXBuildFile; productRef = FE50B8E22D08CF9E0048BE67 /* FirebaseAuth */; };
		FE50B8E52D08CF9E0048BE67 /* FirebaseCore in Frameworks */ = {isa = PBXBuildFile; productRef = FE50B8E42D08CF9E0048BE67 /* FirebaseCore */; };
		FE914F432D0E0D0900C93977 /* ConfettiSwiftUI in Frameworks */ = {isa = PBXBuildFile; productRef = FE914F422D0E0D0900C93977 /* ConfettiSwiftUI */; };
/* End PBXBuildFile section */

/* Begin PBXContainerItemProxy section */
		FE50B8A52D08CD8D0048BE67 /* PBXContainerItemProxy */ = {
			isa = PBXContainerItemProxy;
			containerPortal = FE50B88C2D08CD8C0048BE67 /* Project object */;
			proxyType = 1;
			remoteGlobalIDString = FE50B8932D08CD8C0048BE67;
			remoteInfo = AiVestor;
		};
		FE50B8AF2D08CD8D0048BE67 /* PBXContainerItemProxy */ = {
			isa = PBXContainerItemProxy;
			containerPortal = FE50B88C2D08CD8C0048BE67 /* Project object */;
			proxyType = 1;
			remoteGlobalIDString = FE50B8932D08CD8C0048BE67;
			remoteInfo = AiVestor;
		};
/* End PBXContainerItemProxy section */

/* Begin PBXFileReference section */
		FE2947622D0AF66500CD266F /* StockMockData.swift */ = {isa = PBXFileReference; lastKnownFileType = sourcecode.swift; path = StockMockData.swift; sourceTree = "<group>"; };
		FE2947662D0B297D00CD266F /* GoogleService-Info.plist */ = {isa = PBXFileReference; lastKnownFileType = text.plist.xml; path = "GoogleService-Info.plist"; sourceTree = "<group>"; };
		FE50B8942D08CD8C0048BE67 /* AiVestor.app */ = {isa = PBXFileReference; explicitFileType = wrapper.application; includeInIndex = 0; path = AiVestor.app; sourceTree = BUILT_PRODUCTS_DIR; };
		FE50B8A42D08CD8D0048BE67 /* AiVestorTests.xctest */ = {isa = PBXFileReference; explicitFileType = wrapper.cfbundle; includeInIndex = 0; path = AiVestorTests.xctest; sourceTree = BUILT_PRODUCTS_DIR; };
		FE50B8AE2D08CD8D0048BE67 /* AiVestorUITests.xctest */ = {isa = PBXFileReference; explicitFileType = wrapper.cfbundle; includeInIndex = 0; path = AiVestorUITests.xctest; sourceTree = BUILT_PRODUCTS_DIR; };
		FE50B8D12D08CE300048BE67 /* SignInEmailView.swift */ = {isa = PBXFileReference; lastKnownFileType = sourcecode.swift; path = SignInEmailView.swift; sourceTree = "<group>"; };
		FE50B8D32D08CE4D0048BE67 /* SignInView.swift */ = {isa = PBXFileReference; lastKnownFileType = sourcecode.swift; path = SignInView.swift; sourceTree = "<group>"; };
		FE50B8D92D08CEAC0048BE67 /* AuthManager.swift */ = {isa = PBXFileReference; lastKnownFileType = sourcecode.swift; path = AuthManager.swift; sourceTree = "<group>"; };
		FE50B8DB2D08CEC40048BE67 /* CustomButton.swift */ = {isa = PBXFileReference; lastKnownFileType = sourcecode.swift; path = CustomButton.swift; sourceTree = "<group>"; };
		FE50B8DD2D08CED90048BE67 /* ValidationUtils.swift */ = {isa = PBXFileReference; lastKnownFileType = sourcecode.swift; path = ValidationUtils.swift; sourceTree = "<group>"; };
		FE50B8DF2D08CEF10048BE67 /* AuthError.swift */ = {isa = PBXFileReference; lastKnownFileType = sourcecode.swift; path = AuthError.swift; sourceTree = "<group>"; };
/* End PBXFileReference section */

/* Begin PBXFileSystemSynchronizedRootGroup section */
		FE29473A2D0AF01000CD266F /* Views */ = {
			isa = PBXFileSystemSynchronizedRootGroup;
			path = Views;
			sourceTree = "<group>";
		};
		FE2947552D0AF4A400CD266F /* ViewModels */ = {
			isa = PBXFileSystemSynchronizedRootGroup;
			path = ViewModels;
			sourceTree = "<group>";
		};
		FE29475A2D0AF50600CD266F /* Requests */ = {
			isa = PBXFileSystemSynchronizedRootGroup;
			path = Requests;
			sourceTree = "<group>";
		};
		FE29475D2D0AF5C500CD266F /* Helpers */ = {
			isa = PBXFileSystemSynchronizedRootGroup;
			path = Helpers;
			sourceTree = "<group>";
		};
		FE50B8962D08CD8C0048BE67 /* AiVestor */ = {
			isa = PBXFileSystemSynchronizedRootGroup;
			path = AiVestor;
			sourceTree = "<group>";
		};
		FE50B8A72D08CD8D0048BE67 /* AiVestorTests */ = {
			isa = PBXFileSystemSynchronizedRootGroup;
			path = AiVestorTests;
			sourceTree = "<group>";
		};
		FE50B8B12D08CD8D0048BE67 /* AiVestorUITests */ = {
			isa = PBXFileSystemSynchronizedRootGroup;
			path = AiVestorUITests;
			sourceTree = "<group>";
		};
/* End PBXFileSystemSynchronizedRootGroup section */

/* Begin PBXFrameworksBuildPhase section */
		FE50B8912D08CD8C0048BE67 /* Frameworks */ = {
			isa = PBXFrameworksBuildPhase;
			buildActionMask = 2147483647;
			files = (
				FE914F432D0E0D0900C93977 /* ConfettiSwiftUI in Frameworks */,
				FE50B8E52D08CF9E0048BE67 /* FirebaseCore in Frameworks */,
				FE50B8E32D08CF9E0048BE67 /* FirebaseAuth in Frameworks */,
			);
			runOnlyForDeploymentPostprocessing = 0;
		};
		FE50B8A12D08CD8D0048BE67 /* Frameworks */ = {
			isa = PBXFrameworksBuildPhase;
			buildActionMask = 2147483647;
			files = (
			);
			runOnlyForDeploymentPostprocessing = 0;
		};
		FE50B8AB2D08CD8D0048BE67 /* Frameworks */ = {
			isa = PBXFrameworksBuildPhase;
			buildActionMask = 2147483647;
			files = (
			);
			runOnlyForDeploymentPostprocessing = 0;
		};
/* End PBXFrameworksBuildPhase section */

/* Begin PBXGroup section */
		FE50B88B2D08CD8C0048BE67 = {
			isa = PBXGroup;
			children = (
				FE29475D2D0AF5C500CD266F /* Helpers */,
				FE29475A2D0AF50600CD266F /* Requests */,
				FE2947552D0AF4A400CD266F /* ViewModels */,
				FE29473A2D0AF01000CD266F /* Views */,
				FE50B8DF2D08CEF10048BE67 /* AuthError.swift */,
				FE2947622D0AF66500CD266F /* StockMockData.swift */,
				FE50B8DD2D08CED90048BE67 /* ValidationUtils.swift */,
				FE50B8DB2D08CEC40048BE67 /* CustomButton.swift */,
				FE50B8D92D08CEAC0048BE67 /* AuthManager.swift */,
				FE50B8D02D08CE0D0048BE67 /* SignIn */,
				FE50B8962D08CD8C0048BE67 /* AiVestor */,
				FE50B8A72D08CD8D0048BE67 /* AiVestorTests */,
				FE50B8B12D08CD8D0048BE67 /* AiVestorUITests */,
				FE50B8952D08CD8C0048BE67 /* Products */,
				FE2947662D0B297D00CD266F /* GoogleService-Info.plist */,
			);
			sourceTree = "<group>";
		};
		FE50B8952D08CD8C0048BE67 /* Products */ = {
			isa = PBXGroup;
			children = (
				FE50B8942D08CD8C0048BE67 /* AiVestor.app */,
				FE50B8A42D08CD8D0048BE67 /* AiVestorTests.xctest */,
				FE50B8AE2D08CD8D0048BE67 /* AiVestorUITests.xctest */,
			);
			name = Products;
			sourceTree = "<group>";
		};
		FE50B8D02D08CE0D0048BE67 /* SignIn */ = {
			isa = PBXGroup;
			children = (
				FE50B8D12D08CE300048BE67 /* SignInEmailView.swift */,
				FE50B8D32D08CE4D0048BE67 /* SignInView.swift */,
			);
			path = SignIn;
			sourceTree = "<group>";
		};
/* End PBXGroup section */

/* Begin PBXNativeTarget section */
		FE50B8932D08CD8C0048BE67 /* AiVestor */ = {
			isa = PBXNativeTarget;
			buildConfigurationList = FE50B8B82D08CD8D0048BE67 /* Build configuration list for PBXNativeTarget "AiVestor" */;
			buildPhases = (
				FE50B8902D08CD8C0048BE67 /* Sources */,
				FE50B8912D08CD8C0048BE67 /* Frameworks */,
				FE50B8922D08CD8C0048BE67 /* Resources */,
			);
			buildRules = (
			);
			dependencies = (
			);
			fileSystemSynchronizedGroups = (
				FE29473A2D0AF01000CD266F /* Views */,
				FE2947552D0AF4A400CD266F /* ViewModels */,
				FE29475A2D0AF50600CD266F /* Requests */,
				FE29475D2D0AF5C500CD266F /* Helpers */,
				FE50B8962D08CD8C0048BE67 /* AiVestor */,
			);
			name = AiVestor;
			packageProductDependencies = (
				FE50B8E22D08CF9E0048BE67 /* FirebaseAuth */,
				FE50B8E42D08CF9E0048BE67 /* FirebaseCore */,
				FE914F422D0E0D0900C93977 /* ConfettiSwiftUI */,
			);
			productName = AiVestor;
			productReference = FE50B8942D08CD8C0048BE67 /* AiVestor.app */;
			productType = "com.apple.product-type.application";
		};
		FE50B8A32D08CD8D0048BE67 /* AiVestorTests */ = {
			isa = PBXNativeTarget;
			buildConfigurationList = FE50B8BB2D08CD8D0048BE67 /* Build configuration list for PBXNativeTarget "AiVestorTests" */;
			buildPhases = (
				FE50B8A02D08CD8D0048BE67 /* Sources */,
				FE50B8A12D08CD8D0048BE67 /* Frameworks */,
				FE50B8A22D08CD8D0048BE67 /* Resources */,
			);
			buildRules = (
			);
			dependencies = (
				FE50B8A62D08CD8D0048BE67 /* PBXTargetDependency */,
			);
			fileSystemSynchronizedGroups = (
				FE50B8A72D08CD8D0048BE67 /* AiVestorTests */,
			);
			name = AiVestorTests;
			packageProductDependencies = (
			);
			productName = AiVestorTests;
			productReference = FE50B8A42D08CD8D0048BE67 /* AiVestorTests.xctest */;
			productType = "com.apple.product-type.bundle.unit-test";
		};
		FE50B8AD2D08CD8D0048BE67 /* AiVestorUITests */ = {
			isa = PBXNativeTarget;
			buildConfigurationList = FE50B8BE2D08CD8D0048BE67 /* Build configuration list for PBXNativeTarget "AiVestorUITests" */;
			buildPhases = (
				FE50B8AA2D08CD8D0048BE67 /* Sources */,
				FE50B8AB2D08CD8D0048BE67 /* Frameworks */,
				FE50B8AC2D08CD8D0048BE67 /* Resources */,
			);
			buildRules = (
			);
			dependencies = (
				FE50B8B02D08CD8D0048BE67 /* PBXTargetDependency */,
			);
			fileSystemSynchronizedGroups = (
				FE50B8B12D08CD8D0048BE67 /* AiVestorUITests */,
			);
			name = AiVestorUITests;
			packageProductDependencies = (
			);
			productName = AiVestorUITests;
			productReference = FE50B8AE2D08CD8D0048BE67 /* AiVestorUITests.xctest */;
			productType = "com.apple.product-type.bundle.ui-testing";
		};
/* End PBXNativeTarget section */

/* Begin PBXProject section */
		FE50B88C2D08CD8C0048BE67 /* Project object */ = {
			isa = PBXProject;
			attributes = {
				BuildIndependentTargetsInParallel = 1;
				LastSwiftUpdateCheck = 1600;
				LastUpgradeCheck = 1600;
				TargetAttributes = {
					FE50B8932D08CD8C0048BE67 = {
						CreatedOnToolsVersion = 16.0;
					};
					FE50B8A32D08CD8D0048BE67 = {
						CreatedOnToolsVersion = 16.0;
						TestTargetID = FE50B8932D08CD8C0048BE67;
					};
					FE50B8AD2D08CD8D0048BE67 = {
						CreatedOnToolsVersion = 16.0;
						TestTargetID = FE50B8932D08CD8C0048BE67;
					};
				};
			};
			buildConfigurationList = FE50B88F2D08CD8C0048BE67 /* Build configuration list for PBXProject "AiVestor" */;
			developmentRegion = en;
			hasScannedForEncodings = 0;
			knownRegions = (
				en,
				Base,
			);
			mainGroup = FE50B88B2D08CD8C0048BE67;
			minimizedProjectReferenceProxies = 1;
			packageReferences = (
				FE50B8E12D08CF9E0048BE67 /* XCRemoteSwiftPackageReference "firebase-ios-sdk" */,
				FE914F412D0E0D0900C93977 /* XCRemoteSwiftPackageReference "ConfettiSwiftUI" */,
			);
			preferredProjectObjectVersion = 77;
			productRefGroup = FE50B8952D08CD8C0048BE67 /* Products */;
			projectDirPath = "";
			projectRoot = "";
			targets = (
				FE50B8932D08CD8C0048BE67 /* AiVestor */,
				FE50B8A32D08CD8D0048BE67 /* AiVestorTests */,
				FE50B8AD2D08CD8D0048BE67 /* AiVestorUITests */,
			);
		};
/* End PBXProject section */

/* Begin PBXResourcesBuildPhase section */
		FE50B8922D08CD8C0048BE67 /* Resources */ = {
			isa = PBXResourcesBuildPhase;
			buildActionMask = 2147483647;
			files = (
				FE2947672D0B297D00CD266F /* GoogleService-Info.plist in Resources */,
			);
			runOnlyForDeploymentPostprocessing = 0;
		};
		FE50B8A22D08CD8D0048BE67 /* Resources */ = {
			isa = PBXResourcesBuildPhase;
			buildActionMask = 2147483647;
			files = (
			);
			runOnlyForDeploymentPostprocessing = 0;
		};
		FE50B8AC2D08CD8D0048BE67 /* Resources */ = {
			isa = PBXResourcesBuildPhase;
			buildActionMask = 2147483647;
			files = (
			);
			runOnlyForDeploymentPostprocessing = 0;
		};
/* End PBXResourcesBuildPhase section */

/* Begin PBXSourcesBuildPhase section */
		FE50B8902D08CD8C0048BE67 /* Sources */ = {
			isa = PBXSourcesBuildPhase;
			buildActionMask = 2147483647;
			files = (
				FE2947632D0AF66500CD266F /* StockMockData.swift in Sources */,
				FE50B8DA2D08CEAC0048BE67 /* AuthManager.swift in Sources */,
				FE50B8D22D08CE300048BE67 /* SignInEmailView.swift in Sources */,
				FE50B8D42D08CE4D0048BE67 /* SignInView.swift in Sources */,
				FE50B8E02D08CEF10048BE67 /* AuthError.swift in Sources */,
				FE50B8DC2D08CEC40048BE67 /* CustomButton.swift in Sources */,
				FE50B8DE2D08CED90048BE67 /* ValidationUtils.swift in Sources */,
			);
			runOnlyForDeploymentPostprocessing = 0;
		};
		FE50B8A02D08CD8D0048BE67 /* Sources */ = {
			isa = PBXSourcesBuildPhase;
			buildActionMask = 2147483647;
			files = (
			);
			runOnlyForDeploymentPostprocessing = 0;
		};
		FE50B8AA2D08CD8D0048BE67 /* Sources */ = {
			isa = PBXSourcesBuildPhase;
			buildActionMask = 2147483647;
			files = (
			);
			runOnlyForDeploymentPostprocessing = 0;
		};
/* End PBXSourcesBuildPhase section */

/* Begin PBXTargetDependency section */
		FE50B8A62D08CD8D0048BE67 /* PBXTargetDependency */ = {
			isa = PBXTargetDependency;
			target = FE50B8932D08CD8C0048BE67 /* AiVestor */;
			targetProxy = FE50B8A52D08CD8D0048BE67 /* PBXContainerItemProxy */;
		};
		FE50B8B02D08CD8D0048BE67 /* PBXTargetDependency */ = {
			isa = PBXTargetDependency;
			target = FE50B8932D08CD8C0048BE67 /* AiVestor */;
			targetProxy = FE50B8AF2D08CD8D0048BE67 /* PBXContainerItemProxy */;
		};
/* End PBXTargetDependency section */

/* Begin XCBuildConfiguration section */
		FE50B8B62D08CD8D0048BE67 /* Debug */ = {
			isa = XCBuildConfiguration;
			buildSettings = {
				ALWAYS_SEARCH_USER_PATHS = NO;
				ASSETCATALOG_COMPILER_GENERATE_SWIFT_ASSET_SYMBOL_EXTENSIONS = YES;
				CLANG_ANALYZER_NONNULL = YES;
				CLANG_ANALYZER_NUMBER_OBJECT_CONVERSION = YES_AGGRESSIVE;
				CLANG_CXX_LANGUAGE_STANDARD = "gnu++20";
				CLANG_ENABLE_MODULES = YES;
				CLANG_ENABLE_OBJC_ARC = YES;
				CLANG_ENABLE_OBJC_WEAK = YES;
				CLANG_WARN_BLOCK_CAPTURE_AUTORELEASING = YES;
				CLANG_WARN_BOOL_CONVERSION = YES;
				CLANG_WARN_COMMA = YES;
				CLANG_WARN_CONSTANT_CONVERSION = YES;
				CLANG_WARN_DEPRECATED_OBJC_IMPLEMENTATIONS = YES;
				CLANG_WARN_DIRECT_OBJC_ISA_USAGE = YES_ERROR;
				CLANG_WARN_DOCUMENTATION_COMMENTS = YES;
				CLANG_WARN_EMPTY_BODY = YES;
				CLANG_WARN_ENUM_CONVERSION = YES;
				CLANG_WARN_INFINITE_RECURSION = YES;
				CLANG_WARN_INT_CONVERSION = YES;
				CLANG_WARN_NON_LITERAL_NULL_CONVERSION = YES;
				CLANG_WARN_OBJC_IMPLICIT_RETAIN_SELF = YES;
				CLANG_WARN_OBJC_LITERAL_CONVERSION = YES;
				CLANG_WARN_OBJC_ROOT_CLASS = YES_ERROR;
				CLANG_WARN_QUOTED_INCLUDE_IN_FRAMEWORK_HEADER = YES;
				CLANG_WARN_RANGE_LOOP_ANALYSIS = YES;
				CLANG_WARN_STRICT_PROTOTYPES = YES;
				CLANG_WARN_SUSPICIOUS_MOVE = YES;
				CLANG_WARN_UNGUARDED_AVAILABILITY = YES_AGGRESSIVE;
				CLANG_WARN_UNREACHABLE_CODE = YES;
				CLANG_WARN__DUPLICATE_METHOD_MATCH = YES;
				COPY_PHASE_STRIP = NO;
				DEBUG_INFORMATION_FORMAT = dwarf;
				ENABLE_STRICT_OBJC_MSGSEND = YES;
				ENABLE_TESTABILITY = YES;
				ENABLE_USER_SCRIPT_SANDBOXING = YES;
				GCC_C_LANGUAGE_STANDARD = gnu17;
				GCC_DYNAMIC_NO_PIC = NO;
				GCC_NO_COMMON_BLOCKS = YES;
				GCC_OPTIMIZATION_LEVEL = 0;
				GCC_PREPROCESSOR_DEFINITIONS = (
					"DEBUG=1",
					"$(inherited)",
				);
				GCC_WARN_64_TO_32_BIT_CONVERSION = YES;
				GCC_WARN_ABOUT_RETURN_TYPE = YES_ERROR;
				GCC_WARN_UNDECLARED_SELECTOR = YES;
				GCC_WARN_UNINITIALIZED_AUTOS = YES_AGGRESSIVE;
				GCC_WARN_UNUSED_FUNCTION = YES;
				GCC_WARN_UNUSED_VARIABLE = YES;
				IPHONEOS_DEPLOYMENT_TARGET = 18.0;
				LOCALIZATION_PREFERS_STRING_CATALOGS = YES;
				MTL_ENABLE_DEBUG_INFO = INCLUDE_SOURCE;
				MTL_FAST_MATH = YES;
				ONLY_ACTIVE_ARCH = YES;
				SDKROOT = iphoneos;
				SWIFT_ACTIVE_COMPILATION_CONDITIONS = "DEBUG $(inherited)";
				SWIFT_OPTIMIZATION_LEVEL = "-Onone";
			};
			name = Debug;
		};
		FE50B8B72D08CD8D0048BE67 /* Release */ = {
			isa = XCBuildConfiguration;
			buildSettings = {
				ALWAYS_SEARCH_USER_PATHS = NO;
				ASSETCATALOG_COMPILER_GENERATE_SWIFT_ASSET_SYMBOL_EXTENSIONS = YES;
				CLANG_ANALYZER_NONNULL = YES;
				CLANG_ANALYZER_NUMBER_OBJECT_CONVERSION = YES_AGGRESSIVE;
				CLANG_CXX_LANGUAGE_STANDARD = "gnu++20";
				CLANG_ENABLE_MODULES = YES;
				CLANG_ENABLE_OBJC_ARC = YES;
				CLANG_ENABLE_OBJC_WEAK = YES;
				CLANG_WARN_BLOCK_CAPTURE_AUTORELEASING = YES;
				CLANG_WARN_BOOL_CONVERSION = YES;
				CLANG_WARN_COMMA = YES;
				CLANG_WARN_CONSTANT_CONVERSION = YES;
				CLANG_WARN_DEPRECATED_OBJC_IMPLEMENTATIONS = YES;
				CLANG_WARN_DIRECT_OBJC_ISA_USAGE = YES_ERROR;
				CLANG_WARN_DOCUMENTATION_COMMENTS = YES;
				CLANG_WARN_EMPTY_BODY = YES;
				CLANG_WARN_ENUM_CONVERSION = YES;
				CLANG_WARN_INFINITE_RECURSION = YES;
				CLANG_WARN_INT_CONVERSION = YES;
				CLANG_WARN_NON_LITERAL_NULL_CONVERSION = YES;
				CLANG_WARN_OBJC_IMPLICIT_RETAIN_SELF = YES;
				CLANG_WARN_OBJC_LITERAL_CONVERSION = YES;
				CLANG_WARN_OBJC_ROOT_CLASS = YES_ERROR;
				CLANG_WARN_QUOTED_INCLUDE_IN_FRAMEWORK_HEADER = YES;
				CLANG_WARN_RANGE_LOOP_ANALYSIS = YES;
				CLANG_WARN_STRICT_PROTOTYPES = YES;
				CLANG_WARN_SUSPICIOUS_MOVE = YES;
				CLANG_WARN_UNGUARDED_AVAILABILITY = YES_AGGRESSIVE;
				CLANG_WARN_UNREACHABLE_CODE = YES;
				CLANG_WARN__DUPLICATE_METHOD_MATCH = YES;
				COPY_PHASE_STRIP = NO;
				DEBUG_INFORMATION_FORMAT = "dwarf-with-dsym";
				ENABLE_NS_ASSERTIONS = NO;
				ENABLE_STRICT_OBJC_MSGSEND = YES;
				ENABLE_USER_SCRIPT_SANDBOXING = YES;
				GCC_C_LANGUAGE_STANDARD = gnu17;
				GCC_NO_COMMON_BLOCKS = YES;
				GCC_WARN_64_TO_32_BIT_CONVERSION = YES;
				GCC_WARN_ABOUT_RETURN_TYPE = YES_ERROR;
				GCC_WARN_UNDECLARED_SELECTOR = YES;
				GCC_WARN_UNINITIALIZED_AUTOS = YES_AGGRESSIVE;
				GCC_WARN_UNUSED_FUNCTION = YES;
				GCC_WARN_UNUSED_VARIABLE = YES;
				IPHONEOS_DEPLOYMENT_TARGET = 18.0;
				LOCALIZATION_PREFERS_STRING_CATALOGS = YES;
				MTL_ENABLE_DEBUG_INFO = NO;
				MTL_FAST_MATH = YES;
				SDKROOT = iphoneos;
				SWIFT_COMPILATION_MODE = wholemodule;
				VALIDATE_PRODUCT = YES;
			};
			name = Release;
		};
		FE50B8B92D08CD8D0048BE67 /* Debug */ = {
			isa = XCBuildConfiguration;
			buildSettings = {
				ASSETCATALOG_COMPILER_APPICON_NAME = AppIcon;
				ASSETCATALOG_COMPILER_GLOBAL_ACCENT_COLOR_NAME = AccentColor;
				CODE_SIGN_STYLE = Automatic;
				CURRENT_PROJECT_VERSION = 1;
				DEVELOPMENT_ASSET_PATHS = "\"AiVestor/Preview Content\"";
				ENABLE_PREVIEWS = YES;
				GENERATE_INFOPLIST_FILE = YES;
				INFOPLIST_KEY_UIApplicationSceneManifest_Generation = YES;
				INFOPLIST_KEY_UIApplicationSupportsIndirectInputEvents = YES;
				INFOPLIST_KEY_UILaunchScreen_Generation = YES;
				INFOPLIST_KEY_UISupportedInterfaceOrientations_iPad = "UIInterfaceOrientationPortrait UIInterfaceOrientationPortraitUpsideDown UIInterfaceOrientationLandscapeLeft UIInterfaceOrientationLandscapeRight";
				INFOPLIST_KEY_UISupportedInterfaceOrientations_iPhone = "UIInterfaceOrientationPortrait UIInterfaceOrientationLandscapeLeft UIInterfaceOrientationLandscapeRight";
				LD_RUNPATH_SEARCH_PATHS = (
					"$(inherited)",
					"@executable_path/Frameworks",
				);
				MARKETING_VERSION = 1.0;
				PRODUCT_BUNDLE_IDENTIFIER = com.eminecetinkaya.AiVestor;
				PRODUCT_NAME = "$(TARGET_NAME)";
				SWIFT_EMIT_LOC_STRINGS = YES;
				SWIFT_VERSION = 5.0;
				TARGETED_DEVICE_FAMILY = "1,2";
			};
			name = Debug;
		};
		FE50B8BA2D08CD8D0048BE67 /* Release */ = {
			isa = XCBuildConfiguration;
			buildSettings = {
				ASSETCATALOG_COMPILER_APPICON_NAME = AppIcon;
				ASSETCATALOG_COMPILER_GLOBAL_ACCENT_COLOR_NAME = AccentColor;
				CODE_SIGN_STYLE = Automatic;
				CURRENT_PROJECT_VERSION = 1;
				DEVELOPMENT_ASSET_PATHS = "\"AiVestor/Preview Content\"";
				ENABLE_PREVIEWS = YES;
				GENERATE_INFOPLIST_FILE = YES;
				INFOPLIST_KEY_UIApplicationSceneManifest_Generation = YES;
				INFOPLIST_KEY_UIApplicationSupportsIndirectInputEvents = YES;
				INFOPLIST_KEY_UILaunchScreen_Generation = YES;
				INFOPLIST_KEY_UISupportedInterfaceOrientations_iPad = "UIInterfaceOrientationPortrait UIInterfaceOrientationPortraitUpsideDown UIInterfaceOrientationLandscapeLeft UIInterfaceOrientationLandscapeRight";
				INFOPLIST_KEY_UISupportedInterfaceOrientations_iPhone = "UIInterfaceOrientationPortrait UIInterfaceOrientationLandscapeLeft UIInterfaceOrientationLandscapeRight";
				LD_RUNPATH_SEARCH_PATHS = (
					"$(inherited)",
					"@executable_path/Frameworks",
				);
				MARKETING_VERSION = 1.0;
				PRODUCT_BUNDLE_IDENTIFIER = com.eminecetinkaya.AiVestor;
				PRODUCT_NAME = "$(TARGET_NAME)";
				SWIFT_EMIT_LOC_STRINGS = YES;
				SWIFT_VERSION = 5.0;
				TARGETED_DEVICE_FAMILY = "1,2";
			};
			name = Release;
		};
		FE50B8BC2D08CD8D0048BE67 /* Debug */ = {
			isa = XCBuildConfiguration;
			buildSettings = {
				BUNDLE_LOADER = "$(TEST_HOST)";
				CODE_SIGN_STYLE = Automatic;
				CURRENT_PROJECT_VERSION = 1;
				GENERATE_INFOPLIST_FILE = YES;
				IPHONEOS_DEPLOYMENT_TARGET = 18.0;
				MARKETING_VERSION = 1.0;
				PRODUCT_BUNDLE_IDENTIFIER = com.eminecetinkaya.AiVestorTests;
				PRODUCT_NAME = "$(TARGET_NAME)";
				SWIFT_EMIT_LOC_STRINGS = NO;
				SWIFT_VERSION = 5.0;
				TARGETED_DEVICE_FAMILY = "1,2";
				TEST_HOST = "$(BUILT_PRODUCTS_DIR)/AiVestor.app/$(BUNDLE_EXECUTABLE_FOLDER_PATH)/AiVestor";
			};
			name = Debug;
		};
		FE50B8BD2D08CD8D0048BE67 /* Release */ = {
			isa = XCBuildConfiguration;
			buildSettings = {
				BUNDLE_LOADER = "$(TEST_HOST)";
				CODE_SIGN_STYLE = Automatic;
				CURRENT_PROJECT_VERSION = 1;
				GENERATE_INFOPLIST_FILE = YES;
				IPHONEOS_DEPLOYMENT_TARGET = 18.0;
				MARKETING_VERSION = 1.0;
				PRODUCT_BUNDLE_IDENTIFIER = com.eminecetinkaya.AiVestorTests;
				PRODUCT_NAME = "$(TARGET_NAME)";
				SWIFT_EMIT_LOC_STRINGS = NO;
				SWIFT_VERSION = 5.0;
				TARGETED_DEVICE_FAMILY = "1,2";
				TEST_HOST = "$(BUILT_PRODUCTS_DIR)/AiVestor.app/$(BUNDLE_EXECUTABLE_FOLDER_PATH)/AiVestor";
			};
			name = Release;
		};
		FE50B8BF2D08CD8D0048BE67 /* Debug */ = {
			isa = XCBuildConfiguration;
			buildSettings = {
				CODE_SIGN_STYLE = Automatic;
				CURRENT_PROJECT_VERSION = 1;
				GENERATE_INFOPLIST_FILE = YES;
				MARKETING_VERSION = 1.0;
				PRODUCT_BUNDLE_IDENTIFIER = com.eminecetinkaya.AiVestorUITests;
				PRODUCT_NAME = "$(TARGET_NAME)";
				SWIFT_EMIT_LOC_STRINGS = NO;
				SWIFT_VERSION = 5.0;
				TARGETED_DEVICE_FAMILY = "1,2";
				TEST_TARGET_NAME = AiVestor;
			};
			name = Debug;
		};
		FE50B8C02D08CD8D0048BE67 /* Release */ = {
			isa = XCBuildConfiguration;
			buildSettings = {
				CODE_SIGN_STYLE = Automatic;
				CURRENT_PROJECT_VERSION = 1;
				GENERATE_INFOPLIST_FILE = YES;
				MARKETING_VERSION = 1.0;
				PRODUCT_BUNDLE_IDENTIFIER = com.eminecetinkaya.AiVestorUITests;
				PRODUCT_NAME = "$(TARGET_NAME)";
				SWIFT_EMIT_LOC_STRINGS = NO;
				SWIFT_VERSION = 5.0;
				TARGETED_DEVICE_FAMILY = "1,2";
				TEST_TARGET_NAME = AiVestor;
			};
			name = Release;
		};
/* End XCBuildConfiguration section */

/* Begin XCConfigurationList section */
		FE50B88F2D08CD8C0048BE67 /* Build configuration list for PBXProject "AiVestor" */ = {
			isa = XCConfigurationList;
			buildConfigurations = (
				FE50B8B62D08CD8D0048BE67 /* Debug */,
				FE50B8B72D08CD8D0048BE67 /* Release */,
			);
			defaultConfigurationIsVisible = 0;
			defaultConfigurationName = Release;
		};
		FE50B8B82D08CD8D0048BE67 /* Build configuration list for PBXNativeTarget "AiVestor" */ = {
			isa = XCConfigurationList;
			buildConfigurations = (
				FE50B8B92D08CD8D0048BE67 /* Debug */,
				FE50B8BA2D08CD8D0048BE67 /* Release */,
			);
			defaultConfigurationIsVisible = 0;
			defaultConfigurationName = Release;
		};
		FE50B8BB2D08CD8D0048BE67 /* Build configuration list for PBXNativeTarget "AiVestorTests" */ = {
			isa = XCConfigurationList;
			buildConfigurations = (
				FE50B8BC2D08CD8D0048BE67 /* Debug */,
				FE50B8BD2D08CD8D0048BE67 /* Release */,
			);
			defaultConfigurationIsVisible = 0;
			defaultConfigurationName = Release;
		};
		FE50B8BE2D08CD8D0048BE67 /* Build configuration list for PBXNativeTarget "AiVestorUITests" */ = {
			isa = XCConfigurationList;
			buildConfigurations = (
				FE50B8BF2D08CD8D0048BE67 /* Debug */,
				FE50B8C02D08CD8D0048BE67 /* Release */,
			);
			defaultConfigurationIsVisible = 0;
			defaultConfigurationName = Release;
		};
/* End XCConfigurationList section */

/* Begin XCRemoteSwiftPackageReference section */
		FE50B8E12D08CF9E0048BE67 /* XCRemoteSwiftPackageReference "firebase-ios-sdk" */ = {
			isa = XCRemoteSwiftPackageReference;
			repositoryURL = "https://github.com/firebase/firebase-ios-sdk.git";
			requirement = {
				kind = upToNextMajorVersion;
				minimumVersion = 11.6.0;
			};
		};
		FE914F412D0E0D0900C93977 /* XCRemoteSwiftPackageReference "ConfettiSwiftUI" */ = {
			isa = XCRemoteSwiftPackageReference;
			repositoryURL = "https://github.com/simibac/ConfettiSwiftUI";
			requirement = {
				kind = upToNextMajorVersion;
				minimumVersion = 1.1.0;
			};
		};
/* End XCRemoteSwiftPackageReference section */

/* Begin XCSwiftPackageProductDependency section */
		FE50B8E22D08CF9E0048BE67 /* FirebaseAuth */ = {
			isa = XCSwiftPackageProductDependency;
			package = FE50B8E12D08CF9E0048BE67 /* XCRemoteSwiftPackageReference "firebase-ios-sdk" */;
			productName = FirebaseAuth;
		};
		FE50B8E42D08CF9E0048BE67 /* FirebaseCore */ = {
			isa = XCSwiftPackageProductDependency;
			package = FE50B8E12D08CF9E0048BE67 /* XCRemoteSwiftPackageReference "firebase-ios-sdk" */;
			productName = FirebaseCore;
		};
		FE914F422D0E0D0900C93977 /* ConfettiSwiftUI */ = {
			isa = XCSwiftPackageProductDependency;
			package = FE914F412D0E0D0900C93977 /* XCRemoteSwiftPackageReference "ConfettiSwiftUI" */;
			productName = ConfettiSwiftUI;
		};
/* End XCSwiftPackageProductDependency section */
	};
	rootObject = FE50B88C2D08CD8C0048BE67 /* Project object */;
}
